
Microsoft Visual Studio Solution File, Format Version 12.00
# Visual Studio Version 16
VisualStudioVersion = 16.0.31515.178
MinimumVisualStudioVersion = 10.0.40219.1
Project("{FAE04EC0-301F-11D3-BF4B-00C04F79EFBC}") = "example-dotnet-api", "example-dotnet-api\example-dotnet-api.csproj", "{02D9BF02-1971-4627-B24D-C5F394177D2D}"
EndProject
Global
	GlobalSection(SolutionConfigurationPlatforms) = preSolution
		Debug|Any CPU = Debug|Any CPU
		Release|Any CPU = Release|Any CPU
	EndGlobalSection
	GlobalSection(ProjectConfigurationPlatforms) = postSolution
		{02D9BF02-1971-4627-B24D-C5F394177D2D}.Debug|Any CPU.ActiveCfg = Debug|Any CPU
		{02D9BF02-1971-4627-B24D-C5F394177D2D}.Debug|Any CPU.Build.0 = Debug|Any CPU
		{02D9BF02-1971-4627-B24D-C5F394177D2D}.Release|Any CPU.ActiveCfg = Release|Any CPU
		{02D9BF02-1971-4627-B24D-C5F394177D2D}.Release|Any CPU.Build.0 = Release|Any CPU
	EndGlobalSection
	GlobalSection(SolutionProperties) = preSolution
		HideSolutionNode = FALSE
	EndGlobalSection
	GlobalSection(ExtensibilityGlobals) = postSolution
		SolutionGuid = {60659074-1454-4D01-BC97-27F3A3EB510F}
	EndGlobalSection
EndGlobal
